
Microsoft Visual Studio Solution File, Format Version 12.00
# Visual Studio Version 17
VisualStudioVersion = 17.0.32014.148
MinimumVisualStudioVersion = 10.0.40219.1
Project("{FAE04EC0-301F-11D3-BF4B-00C04F79EFBC}") = "MarcoAntonioGrison", "MarcoAntonioGrison.csproj", "{FFD913EF-5515-42CB-ACCB-6D49A89D71EF}"
EndProject
Project("{FAE04EC0-301F-11D3-BF4B-00C04F79EFBC}") = "MarcoAntonioGrison2", "..\MarcoAntonioGrison2\MarcoAntonioGrison2.csproj", "{7B8C37EE-BE6C-4334-AE91-601E93EF82CC}"
EndProject
Global
	GlobalSection(SolutionConfigurationPlatforms) = preSolution
		Debug|Any CPU = Debug|Any CPU
		Release|Any CPU = Release|Any CPU
	EndGlobalSection
	GlobalSection(ProjectConfigurationPlatforms) = postSolution
		{FFD913EF-5515-42CB-ACCB-6D49A89D71EF}.Debug|Any CPU.ActiveCfg = Debug|Any CPU
		{FFD913EF-5515-42CB-ACCB-6D49A89D71EF}.Debug|Any CPU.Build.0 = Debug|Any CPU
		{FFD913EF-5515-42CB-ACCB-6D49A89D71EF}.Release|Any CPU.ActiveCfg = Release|Any CPU
		{FFD913EF-5515-42CB-ACCB-6D49A89D71EF}.Release|Any CPU.Build.0 = Release|Any CPU
		{7B8C37EE-BE6C-4334-AE91-601E93EF82CC}.Debug|Any CPU.ActiveCfg = Debug|Any CPU
		{7B8C37EE-BE6C-4334-AE91-601E93EF82CC}.Debug|Any CPU.Build.0 = Debug|Any CPU
		{7B8C37EE-BE6C-4334-AE91-601E93EF82CC}.Release|Any CPU.ActiveCfg = Release|Any CPU
		{7B8C37EE-BE6C-4334-AE91-601E93EF82CC}.Release|Any CPU.Build.0 = Release|Any CPU
	EndGlobalSection
	GlobalSection(SolutionProperties) = preSolution
		HideSolutionNode = FALSE
	EndGlobalSection
	GlobalSection(ExtensibilityGlobals) = postSolution
		SolutionGuid = {B6223E03-5AA6-4316-A31C-52A300FBD418}
	EndGlobalSection
EndGlobal
